
Microsoft Visual Studio Solution File, Format Version 12.00
# Visual Studio Version 16
VisualStudioVersion = 16.0.28803.156
MinimumVisualStudioVersion = 10.0.40219.1
Project("{9A19103F-16F7-4668-BE54-9A1E7A4F7556}") = "HospitalRegistry", "HospitalRegistry\HospitalRegistry.csproj", "{CA5DEE70-7C84-4647-8BC6-7983EB2383BB}"
EndProject
Project("{9A19103F-16F7-4668-BE54-9A1E7A4F7556}") = "Infra", "Infra\Infra.csproj", "{E4426B91-6977-4E46-A020-88D7B84440D1}"
EndProject
Project("{9A19103F-16F7-4668-BE54-9A1E7A4F7556}") = "Tests", "Tests\Tests.csproj", "{F3BF8EEF-2FC1-484C-ADA5-36A28D01CE9D}"
EndProject
Project("{9A19103F-16F7-4668-BE54-9A1E7A4F7556}") = "Aids", "Aids\Aids.csproj", "{CD3BA644-5CD9-4923-A5B1-6ECB861BE3B0}"
EndProject
Project("{9A19103F-16F7-4668-BE54-9A1E7A4F7556}") = "Core", "Core\Core.csproj", "{ACFD6079-AFB4-414C-B0A0-E850A6A47D7C}"
EndProject
Project("{9A19103F-16F7-4668-BE54-9A1E7A4F7556}") = "Facade", "Facade\Facade.csproj", "{4F922B5B-4E12-47EC-B9E2-57105B407609}"
EndProject
Project("{9A19103F-16F7-4668-BE54-9A1E7A4F7556}") = "Data", "Data\Data.csproj", "{304A8EF1-7445-4151-B4D8-F2F6E85DD6E8}"
EndProject
Project("{9A19103F-16F7-4668-BE54-9A1E7A4F7556}") = "Domain", "Domain\Domain.csproj", "{A9E52605-32F9-4EB8-94DF-04E20382FAC0}"
EndProject
Project("{9A19103F-16F7-4668-BE54-9A1E7A4F7556}") = "Documentation", "Documentation\Documentation.csproj", "{A52B1155-C1FE-4E24-B0FD-6EEF1EB09EE2}"
EndProject
Project("{2150E333-8FDC-42A3-9474-1A3956D46DE8}") = "Logs", "Logs", "{BEBEBD9C-C5A9-424A-99E3-1D5289BB48E6}"
	ProjectSection(SolutionItems) = preProject
		Logs\10th Week TeamLogs.xlsx = Logs\10th Week TeamLogs.xlsx
		Logs\11th Week TeamLogs.xlsx = Logs\11th Week TeamLogs.xlsx
		Logs\12th Week TeamLogs.xlsx = Logs\12th Week TeamLogs.xlsx
		Logs\13th Week TeamLogs.xlsx = Logs\13th Week TeamLogs.xlsx
		Logs\14th Week TeamLogs.xlsx = Logs\14th Week TeamLogs.xlsx
		Logs\8th Week TeamLogs.xlsx = Logs\8th Week TeamLogs.xlsx
		Logs\9th Week TeamLogs.xlsx = Logs\9th Week TeamLogs.xlsx
	EndProjectSection
EndProject
Global
	GlobalSection(SolutionConfigurationPlatforms) = preSolution
		Debug|Any CPU = Debug|Any CPU
		Release|Any CPU = Release|Any CPU
	EndGlobalSection
	GlobalSection(ProjectConfigurationPlatforms) = postSolution
		{CA5DEE70-7C84-4647-8BC6-7983EB2383BB}.Debug|Any CPU.ActiveCfg = Debug|Any CPU
		{CA5DEE70-7C84-4647-8BC6-7983EB2383BB}.Debug|Any CPU.Build.0 = Debug|Any CPU
		{CA5DEE70-7C84-4647-8BC6-7983EB2383BB}.Release|Any CPU.ActiveCfg = Release|Any CPU
		{CA5DEE70-7C84-4647-8BC6-7983EB2383BB}.Release|Any CPU.Build.0 = Release|Any CPU
		{E4426B91-6977-4E46-A020-88D7B84440D1}.Debug|Any CPU.ActiveCfg = Debug|Any CPU
		{E4426B91-6977-4E46-A020-88D7B84440D1}.Debug|Any CPU.Build.0 = Debug|Any CPU
		{E4426B91-6977-4E46-A020-88D7B84440D1}.Release|Any CPU.ActiveCfg = Release|Any CPU
		{E4426B91-6977-4E46-A020-88D7B84440D1}.Release|Any CPU.Build.0 = Release|Any CPU
		{F3BF8EEF-2FC1-484C-ADA5-36A28D01CE9D}.Debug|Any CPU.ActiveCfg = Debug|Any CPU
		{F3BF8EEF-2FC1-484C-ADA5-36A28D01CE9D}.Debug|Any CPU.Build.0 = Debug|Any CPU
		{F3BF8EEF-2FC1-484C-ADA5-36A28D01CE9D}.Release|Any CPU.ActiveCfg = Release|Any CPU
		{F3BF8EEF-2FC1-484C-ADA5-36A28D01CE9D}.Release|Any CPU.Build.0 = Release|Any CPU
		{CD3BA644-5CD9-4923-A5B1-6ECB861BE3B0}.Debug|Any CPU.ActiveCfg = Debug|Any CPU
		{CD3BA644-5CD9-4923-A5B1-6ECB861BE3B0}.Debug|Any CPU.Build.0 = Debug|Any CPU
		{CD3BA644-5CD9-4923-A5B1-6ECB861BE3B0}.Release|Any CPU.ActiveCfg = Release|Any CPU
		{CD3BA644-5CD9-4923-A5B1-6ECB861BE3B0}.Release|Any CPU.Build.0 = Release|Any CPU
		{ACFD6079-AFB4-414C-B0A0-E850A6A47D7C}.Debug|Any CPU.ActiveCfg = Debug|Any CPU
		{ACFD6079-AFB4-414C-B0A0-E850A6A47D7C}.Debug|Any CPU.Build.0 = Debug|Any CPU
		{ACFD6079-AFB4-414C-B0A0-E850A6A47D7C}.Release|Any CPU.ActiveCfg = Release|Any CPU
		{ACFD6079-AFB4-414C-B0A0-E850A6A47D7C}.Release|Any CPU.Build.0 = Release|Any CPU
		{4F922B5B-4E12-47EC-B9E2-57105B407609}.Debug|Any CPU.ActiveCfg = Debug|Any CPU
		{4F922B5B-4E12-47EC-B9E2-57105B407609}.Debug|Any CPU.Build.0 = Debug|Any CPU
		{4F922B5B-4E12-47EC-B9E2-57105B407609}.Release|Any CPU.ActiveCfg = Release|Any CPU
		{4F922B5B-4E12-47EC-B9E2-57105B407609}.Release|Any CPU.Build.0 = Release|Any CPU
		{304A8EF1-7445-4151-B4D8-F2F6E85DD6E8}.Debug|Any CPU.ActiveCfg = Debug|Any CPU
		{304A8EF1-7445-4151-B4D8-F2F6E85DD6E8}.Debug|Any CPU.Build.0 = Debug|Any CPU
		{304A8EF1-7445-4151-B4D8-F2F6E85DD6E8}.Release|Any CPU.ActiveCfg = Release|Any CPU
		{304A8EF1-7445-4151-B4D8-F2F6E85DD6E8}.Release|Any CPU.Build.0 = Release|Any CPU
		{A9E52605-32F9-4EB8-94DF-04E20382FAC0}.Debug|Any CPU.ActiveCfg = Debug|Any CPU
		{A9E52605-32F9-4EB8-94DF-04E20382FAC0}.Debug|Any CPU.Build.0 = Debug|Any CPU
		{A9E52605-32F9-4EB8-94DF-04E20382FAC0}.Release|Any CPU.ActiveCfg = Release|Any CPU
		{A9E52605-32F9-4EB8-94DF-04E20382FAC0}.Release|Any CPU.Build.0 = Release|Any CPU
		{A52B1155-C1FE-4E24-B0FD-6EEF1EB09EE2}.Debug|Any CPU.ActiveCfg = Debug|Any CPU
		{A52B1155-C1FE-4E24-B0FD-6EEF1EB09EE2}.Debug|Any CPU.Build.0 = Debug|Any CPU
		{A52B1155-C1FE-4E24-B0FD-6EEF1EB09EE2}.Release|Any CPU.ActiveCfg = Release|Any CPU
		{A52B1155-C1FE-4E24-B0FD-6EEF1EB09EE2}.Release|Any CPU.Build.0 = Release|Any CPU
	EndGlobalSection
	GlobalSection(SolutionProperties) = preSolution
		HideSolutionNode = FALSE
	EndGlobalSection
	GlobalSection(ExtensibilityGlobals) = postSolution
		SolutionGuid = {87480C5D-0203-48F7-9C5C-2DE87E754158}
	EndGlobalSection
EndGlobal
